// !$*UTF8*$!
{
	archiveVersion = 1;
	classes = {
	};
	objectVersion = 50;
	objects = {

/* Begin PBXBuildFile section */
		D2F297F82654489F00470B13 /* AppDelegate.swift in Sources */ = {isa = PBXBuildFile; fileRef = D2F297F72654489F00470B13 /* AppDelegate.swift */; };
		D2F297FA2654489F00470B13 /* ContentView.swift in Sources */ = {isa = PBXBuildFile; fileRef = D2F297F92654489F00470B13 /* ContentView.swift */; };
		D2F297FC2654489F00470B13 /* Experience.rcproject in Sources */ = {isa = PBXBuildFile; fileRef = D2F297FB2654489F00470B13 /* Experience.rcproject */; };
		D2F297FE265448A100470B13 /* Assets.xcassets in Resources */ = {isa = PBXBuildFile; fileRef = D2F297FD265448A100470B13 /* Assets.xcassets */; };
		D2F29801265448A100470B13 /* Preview Assets.xcassets in Resources */ = {isa = PBXBuildFile; fileRef = D2F29800265448A100470B13 /* Preview Assets.xcassets */; };
		D2F2980C265448A100470B13 /* ReconstructionTests.swift in Sources */ = {isa = PBXBuildFile; fileRef = D2F2980B265448A100470B13 /* ReconstructionTests.swift */; };
		D2F29817265448A100470B13 /* ReconstructionUITests.swift in Sources */ = {isa = PBXBuildFile; fileRef = D2F29816265448A100470B13 /* ReconstructionUITests.swift */; };
/* End PBXBuildFile section */

/* Begin PBXContainerItemProxy section */
		D2F29808265448A100470B13 /* PBXContainerItemProxy */ = {
			isa = PBXContainerItemProxy;
			containerPortal = D2F297EC2654489F00470B13 /* Project object */;
			proxyType = 1;
			remoteGlobalIDString = D2F297F32654489F00470B13;
			remoteInfo = Reconstruction;
		};
		D2F29813265448A100470B13 /* PBXContainerItemProxy */ = {
			isa = PBXContainerItemProxy;
			containerPortal = D2F297EC2654489F00470B13 /* Project object */;
			proxyType = 1;
			remoteGlobalIDString = D2F297F32654489F00470B13;
			remoteInfo = Reconstruction;
		};
/* End PBXContainerItemProxy section */

/* Begin PBXFileReference section */
		D2F297F42654489F00470B13 /* Reconstruction.app */ = {isa = PBXFileReference; explicitFileType = wrapper.application; includeInIndex = 0; path = Reconstruction.app; sourceTree = BUILT_PRODUCTS_DIR; };
		D2F297F72654489F00470B13 /* AppDelegate.swift */ = {isa = PBXFileReference; lastKnownFileType = sourcecode.swift; path = AppDelegate.swift; sourceTree = "<group>"; };
		D2F297F92654489F00470B13 /* ContentView.swift */ = {isa = PBXFileReference; lastKnownFileType = sourcecode.swift; path = ContentView.swift; sourceTree = "<group>"; };
		D2F297FB2654489F00470B13 /* Experience.rcproject */ = {isa = PBXFileReference; lastKnownFileType = file.rcproject; path = Experience.rcproject; sourceTree = "<group>"; };
		D2F297FD265448A100470B13 /* Assets.xcassets */ = {isa = PBXFileReference; lastKnownFileType = folder.assetcatalog; path = Assets.xcassets; sourceTree = "<group>"; };
		D2F29800265448A100470B13 /* Preview Assets.xcassets */ = {isa = PBXFileReference; lastKnownFileType = folder.assetcatalog; path = "Preview Assets.xcassets"; sourceTree = "<group>"; };
		D2F29802265448A100470B13 /* Info.plist */ = {isa = PBXFileReference; lastKnownFileType = text.plist.xml; path = Info.plist; sourceTree = "<group>"; };
		D2F29807265448A100470B13 /* ReconstructionTests.xctest */ = {isa = PBXFileReference; explicitFileType = wrapper.cfbundle; includeInIndex = 0; path = ReconstructionTests.xctest; sourceTree = BUILT_PRODUCTS_DIR; };
		D2F2980B265448A100470B13 /* ReconstructionTests.swift */ = {isa = PBXFileReference; lastKnownFileType = sourcecode.swift; path = ReconstructionTests.swift; sourceTree = "<group>"; };
		D2F2980D265448A100470B13 /* Info.plist */ = {isa = PBXFileReference; lastKnownFileType = text.plist.xml; path = Info.plist; sourceTree = "<group>"; };
		D2F29812265448A100470B13 /* ReconstructionUITests.xctest */ = {isa = PBXFileReference; explicitFileType = wrapper.cfbundle; includeInIndex = 0; path = ReconstructionUITests.xctest; sourceTree = BUILT_PRODUCTS_DIR; };
		D2F29816265448A100470B13 /* ReconstructionUITests.swift */ = {isa = PBXFileReference; lastKnownFileType = sourcecode.swift; path = ReconstructionUITests.swift; sourceTree = "<group>"; };
		D2F29818265448A100470B13 /* Info.plist */ = {isa = PBXFileReference; lastKnownFileType = text.plist.xml; path = Info.plist; sourceTree = "<group>"; };
/* End PBXFileReference section */

/* Begin PBXFrameworksBuildPhase section */
		D2F297F12654489F00470B13 /* Frameworks */ = {
			isa = PBXFrameworksBuildPhase;
			buildActionMask = 2147483647;
			files = (
			);
			runOnlyForDeploymentPostprocessing = 0;
		};
		D2F29804265448A100470B13 /* Frameworks */ = {
			isa = PBXFrameworksBuildPhase;
			buildActionMask = 2147483647;
			files = (
			);
			runOnlyForDeploymentPostprocessing = 0;
		};
		D2F2980F265448A100470B13 /* Frameworks */ = {
			isa = PBXFrameworksBuildPhase;
			buildActionMask = 2147483647;
			files = (
			);
			runOnlyForDeploymentPostprocessing = 0;
		};
/* End PBXFrameworksBuildPhase section */

/* Begin PBXGroup section */
		D2F297EB2654489F00470B13 = {
			isa = PBXGroup;
			children = (
				D2F297F62654489F00470B13 /* Reconstruction */,
				D2F2980A265448A100470B13 /* ReconstructionTests */,
				D2F29815265448A100470B13 /* ReconstructionUITests */,
				D2F297F52654489F00470B13 /* Products */,
			);
			sourceTree = "<group>";
		};
		D2F297F52654489F00470B13 /* Products */ = {
			isa = PBXGroup;
			children = (
				D2F297F42654489F00470B13 /* Reconstruction.app */,
				D2F29807265448A100470B13 /* ReconstructionTests.xctest */,
				D2F29812265448A100470B13 /* ReconstructionUITests.xctest */,
			);
			name = Products;
			sourceTree = "<group>";
		};
		D2F297F62654489F00470B13 /* Reconstruction */ = {
			isa = PBXGroup;
			children = (
				D2F297F72654489F00470B13 /* AppDelegate.swift */,
				D2F297F92654489F00470B13 /* ContentView.swift */,
				D2F297FB2654489F00470B13 /* Experience.rcproject */,
				D2F297FD265448A100470B13 /* Assets.xcassets */,
				D2F29802265448A100470B13 /* Info.plist */,
				D2F297FF265448A100470B13 /* Preview Content */,
			);
			path = Reconstruction;
			sourceTree = "<group>";
		};
		D2F297FF265448A100470B13 /* Preview Content */ = {
			isa = PBXGroup;
			children = (
				D2F29800265448A100470B13 /* Preview Assets.xcassets */,
			);
			path = "Preview Content";
			sourceTree = "<group>";
		};
		D2F2980A265448A100470B13 /* ReconstructionTests */ = {
			isa = PBXGroup;
			children = (
				D2F2980B265448A100470B13 /* ReconstructionTests.swift */,
				D2F2980D265448A100470B13 /* Info.plist */,
			);
			path = ReconstructionTests;
			sourceTree = "<group>";
		};
		D2F29815265448A100470B13 /* ReconstructionUITests */ = {
			isa = PBXGroup;
			children = (
				D2F29816265448A100470B13 /* ReconstructionUITests.swift */,
				D2F29818265448A100470B13 /* Info.plist */,
			);
			path = ReconstructionUITests;
			sourceTree = "<group>";
		};
/* End PBXGroup section */

/* Begin PBXNativeTarget section */
		D2F297F32654489F00470B13 /* Reconstruction */ = {
			isa = PBXNativeTarget;
			buildConfigurationList = D2F2981B265448A100470B13 /* Build configuration list for PBXNativeTarget "Reconstruction" */;
			buildPhases = (
				D2F297F02654489F00470B13 /* Sources */,
				D2F297F12654489F00470B13 /* Frameworks */,
				D2F297F22654489F00470B13 /* Resources */,
			);
			buildRules = (
			);
			dependencies = (
			);
			name = Reconstruction;
			productName = Reconstruction;
			productReference = D2F297F42654489F00470B13 /* Reconstruction.app */;
			productType = "com.apple.product-type.application";
		};
		D2F29806265448A100470B13 /* ReconstructionTests */ = {
			isa = PBXNativeTarget;
			buildConfigurationList = D2F2981E265448A100470B13 /* Build configuration list for PBXNativeTarget "ReconstructionTests" */;
			buildPhases = (
				D2F29803265448A100470B13 /* Sources */,
				D2F29804265448A100470B13 /* Frameworks */,
				D2F29805265448A100470B13 /* Resources */,
			);
			buildRules = (
			);
			dependencies = (
				D2F29809265448A100470B13 /* PBXTargetDependency */,
			);
			name = ReconstructionTests;
			productName = ReconstructionTests;
			productReference = D2F29807265448A100470B13 /* ReconstructionTests.xctest */;
			productType = "com.apple.product-type.bundle.unit-test";
		};
		D2F29811265448A100470B13 /* ReconstructionUITests */ = {
			isa = PBXNativeTarget;
			buildConfigurationList = D2F29821265448A100470B13 /* Build configuration list for PBXNativeTarget "ReconstructionUITests" */;
			buildPhases = (
				D2F2980E265448A100470B13 /* Sources */,
				D2F2980F265448A100470B13 /* Frameworks */,
				D2F29810265448A100470B13 /* Resources */,
			);
			buildRules = (
			);
			dependencies = (
				D2F29814265448A100470B13 /* PBXTargetDependency */,
			);
			name = ReconstructionUITests;
			productName = ReconstructionUITests;
			productReference = D2F29812265448A100470B13 /* ReconstructionUITests.xctest */;
			productType = "com.apple.product-type.bundle.ui-testing";
		};
/* End PBXNativeTarget section */

/* Begin PBXProject section */
		D2F297EC2654489F00470B13 /* Project object */ = {
			isa = PBXProject;
			attributes = {
				LastSwiftUpdateCheck = 1240;
				LastUpgradeCheck = 1240;
				TargetAttributes = {
					D2F297F32654489F00470B13 = {
						CreatedOnToolsVersion = 12.4;
					};
					D2F29806265448A100470B13 = {
						CreatedOnToolsVersion = 12.4;
						TestTargetID = D2F297F32654489F00470B13;
					};
					D2F29811265448A100470B13 = {
						CreatedOnToolsVersion = 12.4;
						TestTargetID = D2F297F32654489F00470B13;
					};
				};
			};
			buildConfigurationList = D2F297EF2654489F00470B13 /* Build configuration list for PBXProject "Reconstruction" */;
			compatibilityVersion = "Xcode 9.3";
			developmentRegion = en;
			hasScannedForEncodings = 0;
			knownRegions = (
				en,
				Base,
			);
			mainGroup = D2F297EB2654489F00470B13;
			productRefGroup = D2F297F52654489F00470B13 /* Products */;
			projectDirPath = "";
			projectRoot = "";
			targets = (
				D2F297F32654489F00470B13 /* Reconstruction */,
				D2F29806265448A100470B13 /* ReconstructionTests */,
				D2F29811265448A100470B13 /* ReconstructionUITests */,
			);
		};
/* End PBXProject section */

/* Begin PBXResourcesBuildPhase section */
		D2F297F22654489F00470B13 /* Resources */ = {
			isa = PBXResourcesBuildPhase;
			buildActionMask = 2147483647;
			files = (
				D2F29801265448A100470B13 /* Preview Assets.xcassets in Resources */,
				D2F297FE265448A100470B13 /* Assets.xcassets in Resources */,
			);
			runOnlyForDeploymentPostprocessing = 0;
		};
		D2F29805265448A100470B13 /* Resources */ = {
			isa = PBXResourcesBuildPhase;
			buildActionMask = 2147483647;
			files = (
			);
			runOnlyForDeploymentPostprocessing = 0;
		};
		D2F29810265448A100470B13 /* Resources */ = {
			isa = PBXResourcesBuildPhase;
			buildActionMask = 2147483647;
			files = (
			);
			runOnlyForDeploymentPostprocessing = 0;
		};
/* End PBXResourcesBuildPhase section */

/* Begin PBXSourcesBuildPhase section */
		D2F297F02654489F00470B13 /* Sources */ = {
			isa = PBXSourcesBuildPhase;
			buildActionMask = 2147483647;
			files = (
				D2F297FA2654489F00470B13 /* ContentView.swift in Sources */,
				D2F297F82654489F00470B13 /* AppDelegate.swift in Sources */,
				D2F297FC2654489F00470B13 /* Experience.rcproject in Sources */,
			);
			runOnlyForDeploymentPostprocessing = 0;
		};
		D2F29803265448A100470B13 /* Sources */ = {
			isa = PBXSourcesBuildPhase;
			buildActionMask = 2147483647;
			files = (
				D2F2980C265448A100470B13 /* ReconstructionTests.swift in Sources */,
			);
			runOnlyForDeploymentPostprocessing = 0;
		};
		D2F2980E265448A100470B13 /* Sources */ = {
			isa = PBXSourcesBuildPhase;
			buildActionMask = 2147483647;
			files = (
				D2F29817265448A100470B13 /* ReconstructionUITests.swift in Sources */,
			);
			runOnlyForDeploymentPostprocessing = 0;
		};
/* End PBXSourcesBuildPhase section */

/* Begin PBXTargetDependency section */
		D2F29809265448A100470B13 /* PBXTargetDependency */ = {
			isa = PBXTargetDependency;
			target = D2F297F32654489F00470B13 /* Reconstruction */;
			targetProxy = D2F29808265448A100470B13 /* PBXContainerItemProxy */;
		};
		D2F29814265448A100470B13 /* PBXTargetDependency */ = {
			isa = PBXTargetDependency;
			target = D2F297F32654489F00470B13 /* Reconstruction */;
			targetProxy = D2F29813265448A100470B13 /* PBXContainerItemProxy */;
		};
/* End PBXTargetDependency section */

/* Begin XCBuildConfiguration section */
		D2F29819265448A100470B13 /* Debug */ = {
			isa = XCBuildConfiguration;
			buildSettings = {
				ALWAYS_SEARCH_USER_PATHS = NO;
				CLANG_ANALYZER_NONNULL = YES;
				CLANG_ANALYZER_NUMBER_OBJECT_CONVERSION = YES_AGGRESSIVE;
				CLANG_CXX_LANGUAGE_STANDARD = "gnu++14";
				CLANG_CXX_LIBRARY = "libc++";
				CLANG_ENABLE_MODULES = YES;
				CLANG_ENABLE_OBJC_ARC = YES;
				CLANG_ENABLE_OBJC_WEAK = YES;
				CLANG_WARN_BLOCK_CAPTURE_AUTORELEASING = YES;
				CLANG_WARN_BOOL_CONVERSION = YES;
				CLANG_WARN_COMMA = YES;
				CLANG_WARN_CONSTANT_CONVERSION = YES;
				CLANG_WARN_DEPRECATED_OBJC_IMPLEMENTATIONS = YES;
				CLANG_WARN_DIRECT_OBJC_ISA_USAGE = YES_ERROR;
				CLANG_WARN_DOCUMENTATION_COMMENTS = YES;
				CLANG_WARN_EMPTY_BODY = YES;
				CLANG_WARN_ENUM_CONVERSION = YES;
				CLANG_WARN_INFINITE_RECURSION = YES;
				CLANG_WARN_INT_CONVERSION = YES;
				CLANG_WARN_NON_LITERAL_NULL_CONVERSION = YES;
				CLANG_WARN_OBJC_IMPLICIT_RETAIN_SELF = YES;
				CLANG_WARN_OBJC_LITERAL_CONVERSION = YES;
				CLANG_WARN_OBJC_ROOT_CLASS = YES_ERROR;
				CLANG_WARN_QUOTED_INCLUDE_IN_FRAMEWORK_HEADER = YES;
				CLANG_WARN_RANGE_LOOP_ANALYSIS = YES;
				CLANG_WARN_STRICT_PROTOTYPES = YES;
				CLANG_WARN_SUSPICIOUS_MOVE = YES;
				CLANG_WARN_UNGUARDED_AVAILABILITY = YES_AGGRESSIVE;
				CLANG_WARN_UNREACHABLE_CODE = YES;
				CLANG_WARN__DUPLICATE_METHOD_MATCH = YES;
				COPY_PHASE_STRIP = NO;
				DEBUG_INFORMATION_FORMAT = dwarf;
				ENABLE_STRICT_OBJC_MSGSEND = YES;
				ENABLE_TESTABILITY = YES;
				GCC_C_LANGUAGE_STANDARD = gnu11;
				GCC_DYNAMIC_NO_PIC = NO;
				GCC_NO_COMMON_BLOCKS = YES;
				GCC_OPTIMIZATION_LEVEL = 0;
				GCC_PREPROCESSOR_DEFINITIONS = (
					"DEBUG=1",
					"$(inherited)",
				);
				GCC_WARN_64_TO_32_BIT_CONVERSION = YES;
				GCC_WARN_ABOUT_RETURN_TYPE = YES_ERROR;
				GCC_WARN_UNDECLARED_SELECTOR = YES;
				GCC_WARN_UNINITIALIZED_AUTOS = YES_AGGRESSIVE;
				GCC_WARN_UNUSED_FUNCTION = YES;
				GCC_WARN_UNUSED_VARIABLE = YES;
				IPHONEOS_DEPLOYMENT_TARGET = 14.4;
				MTL_ENABLE_DEBUG_INFO = INCLUDE_SOURCE;
				MTL_FAST_MATH = YES;
				ONLY_ACTIVE_ARCH = YES;
				SDKROOT = iphoneos;
				SWIFT_ACTIVE_COMPILATION_CONDITIONS = DEBUG;
				SWIFT_OPTIMIZATION_LEVEL = "-Onone";
			};
			name = Debug;
		};
		D2F2981A265448A100470B13 /* Release */ = {
			isa = XCBuildConfiguration;
			buildSettings = {
				ALWAYS_SEARCH_USER_PATHS = NO;
				CLANG_ANALYZER_NONNULL = YES;
				CLANG_ANALYZER_NUMBER_OBJECT_CONVERSION = YES_AGGRESSIVE;
				CLANG_CXX_LANGUAGE_STANDARD = "gnu++14";
				CLANG_CXX_LIBRARY = "libc++";
				CLANG_ENABLE_MODULES = YES;
				CLANG_ENABLE_OBJC_ARC = YES;
				CLANG_ENABLE_OBJC_WEAK = YES;
				CLANG_WARN_BLOCK_CAPTURE_AUTORELEASING = YES;
				CLANG_WARN_BOOL_CONVERSION = YES;
				CLANG_WARN_COMMA = YES;
				CLANG_WARN_CONSTANT_CONVERSION = YES;
				CLANG_WARN_DEPRECATED_OBJC_IMPLEMENTATIONS = YES;
				CLANG_WARN_DIRECT_OBJC_ISA_USAGE = YES_ERROR;
				CLANG_WARN_DOCUMENTATION_COMMENTS = YES;
				CLANG_WARN_EMPTY_BODY = YES;
				CLANG_WARN_ENUM_CONVERSION = YES;
				CLANG_WARN_INFINITE_RECURSION = YES;
				CLANG_WARN_INT_CONVERSION = YES;
				CLANG_WARN_NON_LITERAL_NULL_CONVERSION = YES;
				CLANG_WARN_OBJC_IMPLICIT_RETAIN_SELF = YES;
				CLANG_WARN_OBJC_LITERAL_CONVERSION = YES;
				CLANG_WARN_OBJC_ROOT_CLASS = YES_ERROR;
				CLANG_WARN_QUOTED_INCLUDE_IN_FRAMEWORK_HEADER = YES;
				CLANG_WARN_RANGE_LOOP_ANALYSIS = YES;
				CLANG_WARN_STRICT_PROTOTYPES = YES;
				CLANG_WARN_SUSPICIOUS_MOVE = YES;
				CLANG_WARN_UNGUARDED_AVAILABILITY = YES_AGGRESSIVE;
				CLANG_WARN_UNREACHABLE_CODE = YES;
				CLANG_WARN__DUPLICATE_METHOD_MATCH = YES;
				COPY_PHASE_STRIP = NO;
				DEBUG_INFORMATION_FORMAT = "dwarf-with-dsym";
				ENABLE_NS_ASSERTIONS = NO;
				ENABLE_STRICT_OBJC_MSGSEND = YES;
				GCC_C_LANGUAGE_STANDARD = gnu11;
				GCC_NO_COMMON_BLOCKS = YES;
				GCC_WARN_64_TO_32_BIT_CONVERSION = YES;
				GCC_WARN_ABOUT_RETURN_TYPE = YES_ERROR;
				GCC_WARN_UNDECLARED_SELECTOR = YES;
				GCC_WARN_UNINITIALIZED_AUTOS = YES_AGGRESSIVE;
				GCC_WARN_UNUSED_FUNCTION = YES;
				GCC_WARN_UNUSED_VARIABLE = YES;
				IPHONEOS_DEPLOYMENT_TARGET = 14.4;
				MTL_ENABLE_DEBUG_INFO = NO;
				MTL_FAST_MATH = YES;
				SDKROOT = iphoneos;
				SWIFT_COMPILATION_MODE = wholemodule;
				SWIFT_OPTIMIZATION_LEVEL = "-O";
				VALIDATE_PRODUCT = YES;
			};
			name = Release;
		};
		D2F2981C265448A100470B13 /* Debug */ = {
			isa = XCBuildConfiguration;
			buildSettings = {
				ASSETCATALOG_COMPILER_APPICON_NAME = AppIcon;
				ASSETCATALOG_COMPILER_GLOBAL_ACCENT_COLOR_NAME = AccentColor;
				CODE_SIGN_STYLE = Automatic;
				DEVELOPMENT_ASSET_PATHS = "\"Reconstruction/Preview Content\"";
				DEVELOPMENT_TEAM = RHV66DFD27;
				ENABLE_PREVIEWS = YES;
				INFOPLIST_FILE = Reconstruction/Info.plist;
				LD_RUNPATH_SEARCH_PATHS = (
					"$(inherited)",
					"@executable_path/Frameworks",
				);
				PRODUCT_BUNDLE_IDENTIFIER = io.av.cooldude.Reconstruction;
				PRODUCT_NAME = "$(TARGET_NAME)";
				SWIFT_VERSION = 5.0;
				TARGETED_DEVICE_FAMILY = "1,2";
			};
			name = Debug;
		};
		D2F2981D265448A100470B13 /* Release */ = {
			isa = XCBuildConfiguration;
			buildSettings = {
				ASSETCATALOG_COMPILER_APPICON_NAME = AppIcon;
				ASSETCATALOG_COMPILER_GLOBAL_ACCENT_COLOR_NAME = AccentColor;
				CODE_SIGN_STYLE = Automatic;
				DEVELOPMENT_ASSET_PATHS = "\"Reconstruction/Preview Content\"";
				DEVELOPMENT_TEAM = RHV66DFD27;
				ENABLE_PREVIEWS = YES;
				INFOPLIST_FILE = Reconstruction/Info.plist;
				LD_RUNPATH_SEARCH_PATHS = (
					"$(inherited)",
					"@executable_path/Frameworks",
				);
				PRODUCT_BUNDLE_IDENTIFIER = io.av.cooldude.Reconstruction;
				PRODUCT_NAME = "$(TARGET_NAME)";
				SWIFT_VERSION = 5.0;
				TARGETED_DEVICE_FAMILY = "1,2";
			};
			name = Release;
		};
		D2F2981F265448A100470B13 /* Debug */ = {
			isa = XCBuildConfiguration;
			buildSettings = {
				ALWAYS_EMBED_SWIFT_STANDARD_LIBRARIES = YES;
				BUNDLE_LOADER = "$(TEST_HOST)";
				CODE_SIGN_STYLE = Automatic;
				DEVELOPMENT_TEAM = RHV66DFD27;
				INFOPLIST_FILE = ReconstructionTests/Info.plist;
				IPHONEOS_DEPLOYMENT_TARGET = 14.4;
				LD_RUNPATH_SEARCH_PATHS = (
					"$(inherited)",
					"@executable_path/Frameworks",
					"@loader_path/Frameworks",
				);
				PRODUCT_BUNDLE_IDENTIFIER = io.av.cooldude.ReconstructionTests;
				PRODUCT_NAME = "$(TARGET_NAME)";
				SWIFT_VERSION = 5.0;
				TARGETED_DEVICE_FAMILY = "1,2";
				TEST_HOST = "$(BUILT_PRODUCTS_DIR)/Reconstruction.app/Reconstruction";
			};
			name = Debug;
		};
		D2F29820265448A100470B13 /* Release */ = {
			isa = XCBuildConfiguration;
			buildSettings = {
				ALWAYS_EMBED_SWIFT_STANDARD_LIBRARIES = YES;
				BUNDLE_LOADER = "$(TEST_HOST)";
				CODE_SIGN_STYLE = Automatic;
				DEVELOPMENT_TEAM = RHV66DFD27;
				INFOPLIST_FILE = ReconstructionTests/Info.plist;
				IPHONEOS_DEPLOYMENT_TARGET = 14.4;
				LD_RUNPATH_SEARCH_PATHS = (
					"$(inherited)",
					"@executable_path/Frameworks",
					"@loader_path/Frameworks",
				);
				PRODUCT_BUNDLE_IDENTIFIER = io.av.cooldude.ReconstructionTests;
				PRODUCT_NAME = "$(TARGET_NAME)";
				SWIFT_VERSION = 5.0;
				TARGETED_DEVICE_FAMILY = "1,2";
				TEST_HOST = "$(BUILT_PRODUCTS_DIR)/Reconstruction.app/Reconstruction";
			};
			name = Release;
		};
		D2F29822265448A100470B13 /* Debug */ = {
			isa = XCBuildConfiguration;
			buildSettings = {
				ALWAYS_EMBED_SWIFT_STANDARD_LIBRARIES = YES;
				CODE_SIGN_STYLE = Automatic;
				DEVELOPMENT_TEAM = RHV66DFD27;
				INFOPLIST_FILE = ReconstructionUITests/Info.plist;
				LD_RUNPATH_SEARCH_PATHS = (
					"$(inherited)",
					"@executable_path/Frameworks",
					"@loader_path/Frameworks",
				);
				PRODUCT_BUNDLE_IDENTIFIER = io.av.cooldude.ReconstructionUITests;
				PRODUCT_NAME = "$(TARGET_NAME)";
				SWIFT_VERSION = 5.0;
				TARGETED_DEVICE_FAMILY = "1,2";
				TEST_TARGET_NAME = Reconstruction;
			};
			name = Debug;
		};
		D2F29823265448A100470B13 /* Release */ = {
			isa = XCBuildConfiguration;
			buildSettings = {
				ALWAYS_EMBED_SWIFT_STANDARD_LIBRARIES = YES;
				CODE_SIGN_STYLE = Automatic;
				DEVELOPMENT_TEAM = RHV66DFD27;
				INFOPLIST_FILE = ReconstructionUITests/Info.plist;
				LD_RUNPATH_SEARCH_PATHS = (
					"$(inherited)",
					"@executable_path/Frameworks",
					"@loader_path/Frameworks",
				);
				PRODUCT_BUNDLE_IDENTIFIER = io.av.cooldude.ReconstructionUITests;
				PRODUCT_NAME = "$(TARGET_NAME)";
				SWIFT_VERSION = 5.0;
				TARGETED_DEVICE_FAMILY = "1,2";
				TEST_TARGET_NAME = Reconstruction;
			};
			name = Release;
		};
/* End XCBuildConfiguration section */

/* Begin XCConfigurationList section */
		D2F297EF2654489F00470B13 /* Build configuration list for PBXProject "Reconstruction" */ = {
			isa = XCConfigurationList;
			buildConfigurations = (
				D2F29819265448A100470B13 /* Debug */,
				D2F2981A265448A100470B13 /* Release */,
			);
			defaultConfigurationIsVisible = 0;
			defaultConfigurationName = Release;
		};
		D2F2981B265448A100470B13 /* Build configuration list for PBXNativeTarget "Reconstruction" */ = {
			isa = XCConfigurationList;
			buildConfigurations = (
				D2F2981C265448A100470B13 /* Debug */,
				D2F2981D265448A100470B13 /* Release */,
			);
			defaultConfigurationIsVisible = 0;
			defaultConfigurationName = Release;
		};
		D2F2981E265448A100470B13 /* Build configuration list for PBXNativeTarget "ReconstructionTests" */ = {
			isa = XCConfigurationList;
			buildConfigurations = (
				D2F2981F265448A100470B13 /* Debug */,
				D2F29820265448A100470B13 /* Release */,
			);
			defaultConfigurationIsVisible = 0;
			defaultConfigurationName = Release;
		};
		D2F29821265448A100470B13 /* Build configuration list for PBXNativeTarget "ReconstructionUITests" */ = {
			isa = XCConfigurationList;
			buildConfigurations = (
				D2F29822265448A100470B13 /* Debug */,
				D2F29823265448A100470B13 /* Release */,
			);
			defaultConfigurationIsVisible = 0;
			defaultConfigurationName = Release;
		};
/* End XCConfigurationList section */
	};
	rootObject = D2F297EC2654489F00470B13 /* Project object */;
}
